
Microsoft Visual Studio Solution File, Format Version 12.00
# Visual Studio 15
VisualStudioVersion = 15.0.27428.2011
MinimumVisualStudioVersion = 10.0.40219.1
Project("{FAE04EC0-301F-11D3-BF4B-00C04F79EFBC}") = "MyBox", "CertBox\MyBox.csproj", "{270DAD13-AD04-4A1A-A0B6-260154FE2DCE}"
EndProject
Project("{FAE04EC0-301F-11D3-BF4B-00C04F79EFBC}") = "Utilities", "Utilities\Utilities.csproj", "{B7826020-E4A1-4C9E-9A9A-72A1E9AE7334}"
EndProject
Global
	GlobalSection(SolutionConfigurationPlatforms) = preSolution
		Debug|Any CPU = Debug|Any CPU
		Release|Any CPU = Release|Any CPU
	EndGlobalSection
	GlobalSection(ProjectConfigurationPlatforms) = postSolution
		{270DAD13-AD04-4A1A-A0B6-260154FE2DCE}.Debug|Any CPU.ActiveCfg = Debug|Any CPU
		{270DAD13-AD04-4A1A-A0B6-260154FE2DCE}.Debug|Any CPU.Build.0 = Debug|Any CPU
		{270DAD13-AD04-4A1A-A0B6-260154FE2DCE}.Release|Any CPU.ActiveCfg = Release|Any CPU
		{270DAD13-AD04-4A1A-A0B6-260154FE2DCE}.Release|Any CPU.Build.0 = Release|Any CPU
		{B7826020-E4A1-4C9E-9A9A-72A1E9AE7334}.Debug|Any CPU.ActiveCfg = Debug|Any CPU
		{B7826020-E4A1-4C9E-9A9A-72A1E9AE7334}.Debug|Any CPU.Build.0 = Debug|Any CPU
		{B7826020-E4A1-4C9E-9A9A-72A1E9AE7334}.Release|Any CPU.ActiveCfg = Release|Any CPU
		{B7826020-E4A1-4C9E-9A9A-72A1E9AE7334}.Release|Any CPU.Build.0 = Release|Any CPU
	EndGlobalSection
	GlobalSection(SolutionProperties) = preSolution
		HideSolutionNode = FALSE
	EndGlobalSection
	GlobalSection(ExtensibilityGlobals) = postSolution
		SolutionGuid = {B1F38EC4-9AD3-4802-A12B-9898CA668B9B}
	EndGlobalSection
EndGlobal
